
Microsoft Visual Studio Solution File, Format Version 12.00
# Visual Studio Version 16
VisualStudioVersion = 16.0.29009.5
MinimumVisualStudioVersion = 10.0.40219.1
Project("{FAE04EC0-301F-11D3-BF4B-00C04F79EFBC}") = "RazorPagesMovie", "RazorPagesMovie.csproj", "{C1B5D1DC-DFF9-435E-8E29-7D5F39F84AAF}"
EndProject
Global
	GlobalSection(SolutionConfigurationPlatforms) = preSolution
		Debug|Any CPU = Debug|Any CPU
		Release|Any CPU = Release|Any CPU
	EndGlobalSection
	GlobalSection(ProjectConfigurationPlatforms) = postSolution
		{C1B5D1DC-DFF9-435E-8E29-7D5F39F84AAF}.Debug|Any CPU.ActiveCfg = Debug|Any CPU
		{C1B5D1DC-DFF9-435E-8E29-7D5F39F84AAF}.Debug|Any CPU.Build.0 = Debug|Any CPU
		{C1B5D1DC-DFF9-435E-8E29-7D5F39F84AAF}.Release|Any CPU.ActiveCfg = Release|Any CPU
		{C1B5D1DC-DFF9-435E-8E29-7D5F39F84AAF}.Release|Any CPU.Build.0 = Release|Any CPU
	EndGlobalSection
	GlobalSection(SolutionProperties) = preSolution
		HideSolutionNode = FALSE
	EndGlobalSection
	GlobalSection(ExtensibilityGlobals) = postSolution
		SolutionGuid = {EB055AB6-FEFD-4E3C-90C2-DD876C96C800}
	EndGlobalSection
EndGlobal
